
Microsoft Visual Studio Solution File, Format Version 12.00
# Visual Studio 2013
VisualStudioVersion = 12.0.31101.0
MinimumVisualStudioVersion = 10.0.40219.1
Project("{8BC9CEB8-8B4A-11D0-8D11-00A0C91BC942}") = "1-1-skiplist", "SDE\SDE.vcxproj", "{E6B81EAF-89B2-472E-B11E-2EC6414D42F0}"
EndProject
Project("{8BC9CEB8-8B4A-11D0-8D11-00A0C91BC942}") = "1-2-kmp", "1-2-kmp\1-2-kmp.vcxproj", "{C56E54F3-EAF9-4B07-B374-0C5385AB9866}"
EndProject
Project("{8BC9CEB8-8B4A-11D0-8D11-00A0C91BC942}") = "1-3-priority", "1-3-priority\1-3-priority.vcxproj", "{3E468FEC-DDE1-45E6-8431-B8C4A55DA419}"
EndProject
Project("{8BC9CEB8-8B4A-11D0-8D11-00A0C91BC942}") = "1-4-matrix", "1-4-matrix\1-4-matrix.vcxproj", "{CE050657-9BA0-401F-A6A2-BD0153A3F1EF}"
EndProject
Project("{8BC9CEB8-8B4A-11D0-8D11-00A0C91BC942}") = "2-1-threadbit", "2-1-threadbit\2-1-threadbit.vcxproj", "{8FCAC668-85E2-4F2E-B37A-AD76A2D9B298}"
EndProject
Project("{8BC9CEB8-8B4A-11D0-8D11-00A0C91BC942}") = "2-2-wttrans", "2-2-wttrans\2-2-wttrans.vcxproj", "{BB2B1825-1E2D-4CB5-B7B4-8D4CC3460E9E}"
EndProject
Project("{8BC9CEB8-8B4A-11D0-8D11-00A0C91BC942}") = "2-3-krayhuffman", "2-3-krayhuffman\2-3-krayhuffman.vcxproj", "{93D93892-3719-479A-86E3-1ADE755C0CD5}"
EndProject
Project("{8BC9CEB8-8B4A-11D0-8D11-00A0C91BC942}") = "3-1-ngconnect", "3-1-ngconnect\3-1-ngconnect.vcxproj", "{1121DCC2-7BC0-4158-B80D-31A90305DD17}"
EndProject
Project("{8BC9CEB8-8B4A-11D0-8D11-00A0C91BC942}") = "3-2-dgconnect", "3-2-dgconnect\3-2-dgconnect.vcxproj", "{3F7E00CA-85C3-49CA-A016-546859CB2B2C}"
EndProject
Project("{8BC9CEB8-8B4A-11D0-8D11-00A0C91BC942}") = "3-3-prim", "3-3-prim\3-3-prim.vcxproj", "{21500CBF-D366-4885-B899-90828982EFBC}"
EndProject
Project("{8BC9CEB8-8B4A-11D0-8D11-00A0C91BC942}") = "3-4-kruskal", "3-4-kruskal\3-4-kruskal.vcxproj", "{D35238EE-53F5-401C-9614-688B8FE01B44}"
EndProject
Project("{8BC9CEB8-8B4A-11D0-8D11-00A0C91BC942}") = "3-5-sp1", "3-5-sp1\3-5-sp1.vcxproj", "{B81680EE-8F9C-4E52-B790-964B5C15F5F6}"
EndProject
Project("{8BC9CEB8-8B4A-11D0-8D11-00A0C91BC942}") = "3-2-1-dgsparts", "3-2-1-dgsparts\3-2-1-dgsparts.vcxproj", "{AAC3923E-29DC-4A42-8594-A2A9528D448F}"
EndProject
Project("{8BC9CEB8-8B4A-11D0-8D11-00A0C91BC942}") = "3-6-sp2", "3-6-sp2\3-6-sp2.vcxproj", "{3C440177-1B83-45C1-9835-4C07EACD92F4}"
EndProject
Project("{8BC9CEB8-8B4A-11D0-8D11-00A0C91BC942}") = "4-1-rbtree", "4-1-rbtree\4-1-rbtree.vcxproj", "{ED042054-DFA7-4B1E-BA54-1CE5C533B1FE}"
EndProject
Project("{8BC9CEB8-8B4A-11D0-8D11-00A0C91BC942}") = "4-2-1-Hash1", "4-2-1-Hash1\4-2-1-Hash1.vcxproj", "{4FF9AE28-0060-4718-9540-4C87659E1054}"
EndProject
Project("{8BC9CEB8-8B4A-11D0-8D11-00A0C91BC942}") = "4-2-2-Hash2", "4-2-2-Hash2\4-2-2-Hash2.vcxproj", "{E889C51D-5305-4A8D-88D4-E8F5498E6F9D}"
EndProject
Project("{8BC9CEB8-8B4A-11D0-8D11-00A0C91BC942}") = "4-2-2-Hash3", "4-2-2-Hash3\4-2-2-Hash3.vcxproj", "{26852D59-EB87-409B-861E-6D7AD54081D2}"
EndProject
Project("{8BC9CEB8-8B4A-11D0-8D11-00A0C91BC942}") = "5-1-qsort", "5-1-qsort\5-1-qsort.vcxproj", "{6A76E209-2D34-46C9-9225-EA9E0744225E}"
EndProject
Project("{8BC9CEB8-8B4A-11D0-8D11-00A0C91BC942}") = "5-2-linearsort", "5-2-linearsort\5-2-linearsort.vcxproj", "{5A2BF825-C7BE-4A53-82A0-81AB47CBCA99}"
EndProject
Project("{8BC9CEB8-8B4A-11D0-8D11-00A0C91BC942}") = "5-2-2-counting", "5-2-2-counting\5-2-2-counting.vcxproj", "{AE572BE5-D8A8-46AA-8811-8D9883472123}"
EndProject
Project("{8BC9CEB8-8B4A-11D0-8D11-00A0C91BC942}") = "5-2-3-radix", "5-2-3-radix\5-2-3-radix.vcxproj", "{41B3E45C-424B-4D1E-BECD-08A9E0790344}"
EndProject
Global
	GlobalSection(SolutionConfigurationPlatforms) = preSolution
		Debug|Win32 = Debug|Win32
		Release|Win32 = Release|Win32
	EndGlobalSection
	GlobalSection(ProjectConfigurationPlatforms) = postSolution
		{E6B81EAF-89B2-472E-B11E-2EC6414D42F0}.Debug|Win32.ActiveCfg = Debug|Win32
		{E6B81EAF-89B2-472E-B11E-2EC6414D42F0}.Debug|Win32.Build.0 = Debug|Win32
		{E6B81EAF-89B2-472E-B11E-2EC6414D42F0}.Release|Win32.ActiveCfg = Release|Win32
		{E6B81EAF-89B2-472E-B11E-2EC6414D42F0}.Release|Win32.Build.0 = Release|Win32
		{C56E54F3-EAF9-4B07-B374-0C5385AB9866}.Debug|Win32.ActiveCfg = Debug|Win32
		{C56E54F3-EAF9-4B07-B374-0C5385AB9866}.Debug|Win32.Build.0 = Debug|Win32
		{C56E54F3-EAF9-4B07-B374-0C5385AB9866}.Release|Win32.ActiveCfg = Release|Win32
		{C56E54F3-EAF9-4B07-B374-0C5385AB9866}.Release|Win32.Build.0 = Release|Win32
		{3E468FEC-DDE1-45E6-8431-B8C4A55DA419}.Debug|Win32.ActiveCfg = Debug|Win32
		{3E468FEC-DDE1-45E6-8431-B8C4A55DA419}.Debug|Win32.Build.0 = Debug|Win32
		{3E468FEC-DDE1-45E6-8431-B8C4A55DA419}.Release|Win32.ActiveCfg = Release|Win32
		{3E468FEC-DDE1-45E6-8431-B8C4A55DA419}.Release|Win32.Build.0 = Release|Win32
		{CE050657-9BA0-401F-A6A2-BD0153A3F1EF}.Debug|Win32.ActiveCfg = Debug|Win32
		{CE050657-9BA0-401F-A6A2-BD0153A3F1EF}.Debug|Win32.Build.0 = Debug|Win32
		{CE050657-9BA0-401F-A6A2-BD0153A3F1EF}.Release|Win32.ActiveCfg = Release|Win32
		{CE050657-9BA0-401F-A6A2-BD0153A3F1EF}.Release|Win32.Build.0 = Release|Win32
		{8FCAC668-85E2-4F2E-B37A-AD76A2D9B298}.Debug|Win32.ActiveCfg = Debug|Win32
		{8FCAC668-85E2-4F2E-B37A-AD76A2D9B298}.Debug|Win32.Build.0 = Debug|Win32
		{8FCAC668-85E2-4F2E-B37A-AD76A2D9B298}.Release|Win32.ActiveCfg = Release|Win32
		{8FCAC668-85E2-4F2E-B37A-AD76A2D9B298}.Release|Win32.Build.0 = Release|Win32
		{BB2B1825-1E2D-4CB5-B7B4-8D4CC3460E9E}.Debug|Win32.ActiveCfg = Debug|Win32
		{BB2B1825-1E2D-4CB5-B7B4-8D4CC3460E9E}.Debug|Win32.Build.0 = Debug|Win32
		{BB2B1825-1E2D-4CB5-B7B4-8D4CC3460E9E}.Release|Win32.ActiveCfg = Release|Win32
		{BB2B1825-1E2D-4CB5-B7B4-8D4CC3460E9E}.Release|Win32.Build.0 = Release|Win32
		{93D93892-3719-479A-86E3-1ADE755C0CD5}.Debug|Win32.ActiveCfg = Debug|Win32
		{93D93892-3719-479A-86E3-1ADE755C0CD5}.Debug|Win32.Build.0 = Debug|Win32
		{93D93892-3719-479A-86E3-1ADE755C0CD5}.Release|Win32.ActiveCfg = Release|Win32
		{93D93892-3719-479A-86E3-1ADE755C0CD5}.Release|Win32.Build.0 = Release|Win32
		{1121DCC2-7BC0-4158-B80D-31A90305DD17}.Debug|Win32.ActiveCfg = Debug|Win32
		{1121DCC2-7BC0-4158-B80D-31A90305DD17}.Debug|Win32.Build.0 = Debug|Win32
		{1121DCC2-7BC0-4158-B80D-31A90305DD17}.Release|Win32.ActiveCfg = Release|Win32
		{1121DCC2-7BC0-4158-B80D-31A90305DD17}.Release|Win32.Build.0 = Release|Win32
		{3F7E00CA-85C3-49CA-A016-546859CB2B2C}.Debug|Win32.ActiveCfg = Debug|Win32
		{3F7E00CA-85C3-49CA-A016-546859CB2B2C}.Debug|Win32.Build.0 = Debug|Win32
		{3F7E00CA-85C3-49CA-A016-546859CB2B2C}.Release|Win32.ActiveCfg = Release|Win32
		{3F7E00CA-85C3-49CA-A016-546859CB2B2C}.Release|Win32.Build.0 = Release|Win32
		{21500CBF-D366-4885-B899-90828982EFBC}.Debug|Win32.ActiveCfg = Debug|Win32
		{21500CBF-D366-4885-B899-90828982EFBC}.Debug|Win32.Build.0 = Debug|Win32
		{21500CBF-D366-4885-B899-90828982EFBC}.Release|Win32.ActiveCfg = Release|Win32
		{21500CBF-D366-4885-B899-90828982EFBC}.Release|Win32.Build.0 = Release|Win32
		{D35238EE-53F5-401C-9614-688B8FE01B44}.Debug|Win32.ActiveCfg = Debug|Win32
		{D35238EE-53F5-401C-9614-688B8FE01B44}.Debug|Win32.Build.0 = Debug|Win32
		{D35238EE-53F5-401C-9614-688B8FE01B44}.Release|Win32.ActiveCfg = Release|Win32
		{D35238EE-53F5-401C-9614-688B8FE01B44}.Release|Win32.Build.0 = Release|Win32
		{B81680EE-8F9C-4E52-B790-964B5C15F5F6}.Debug|Win32.ActiveCfg = Debug|Win32
		{B81680EE-8F9C-4E52-B790-964B5C15F5F6}.Debug|Win32.Build.0 = Debug|Win32
		{B81680EE-8F9C-4E52-B790-964B5C15F5F6}.Release|Win32.ActiveCfg = Release|Win32
		{B81680EE-8F9C-4E52-B790-964B5C15F5F6}.Release|Win32.Build.0 = Release|Win32
		{AAC3923E-29DC-4A42-8594-A2A9528D448F}.Debug|Win32.ActiveCfg = Debug|Win32
		{AAC3923E-29DC-4A42-8594-A2A9528D448F}.Debug|Win32.Build.0 = Debug|Win32
		{AAC3923E-29DC-4A42-8594-A2A9528D448F}.Release|Win32.ActiveCfg = Release|Win32
		{AAC3923E-29DC-4A42-8594-A2A9528D448F}.Release|Win32.Build.0 = Release|Win32
		{3C440177-1B83-45C1-9835-4C07EACD92F4}.Debug|Win32.ActiveCfg = Debug|Win32
		{3C440177-1B83-45C1-9835-4C07EACD92F4}.Debug|Win32.Build.0 = Debug|Win32
		{3C440177-1B83-45C1-9835-4C07EACD92F4}.Release|Win32.ActiveCfg = Release|Win32
		{3C440177-1B83-45C1-9835-4C07EACD92F4}.Release|Win32.Build.0 = Release|Win32
		{ED042054-DFA7-4B1E-BA54-1CE5C533B1FE}.Debug|Win32.ActiveCfg = Debug|Win32
		{ED042054-DFA7-4B1E-BA54-1CE5C533B1FE}.Debug|Win32.Build.0 = Debug|Win32
		{ED042054-DFA7-4B1E-BA54-1CE5C533B1FE}.Release|Win32.ActiveCfg = Release|Win32
		{ED042054-DFA7-4B1E-BA54-1CE5C533B1FE}.Release|Win32.Build.0 = Release|Win32
		{4FF9AE28-0060-4718-9540-4C87659E1054}.Debug|Win32.ActiveCfg = Debug|Win32
		{4FF9AE28-0060-4718-9540-4C87659E1054}.Debug|Win32.Build.0 = Debug|Win32
		{4FF9AE28-0060-4718-9540-4C87659E1054}.Release|Win32.ActiveCfg = Release|Win32
		{4FF9AE28-0060-4718-9540-4C87659E1054}.Release|Win32.Build.0 = Release|Win32
		{E889C51D-5305-4A8D-88D4-E8F5498E6F9D}.Debug|Win32.ActiveCfg = Debug|Win32
		{E889C51D-5305-4A8D-88D4-E8F5498E6F9D}.Debug|Win32.Build.0 = Debug|Win32
		{E889C51D-5305-4A8D-88D4-E8F5498E6F9D}.Release|Win32.ActiveCfg = Release|Win32
		{E889C51D-5305-4A8D-88D4-E8F5498E6F9D}.Release|Win32.Build.0 = Release|Win32
		{26852D59-EB87-409B-861E-6D7AD54081D2}.Debug|Win32.ActiveCfg = Debug|Win32
		{26852D59-EB87-409B-861E-6D7AD54081D2}.Debug|Win32.Build.0 = Debug|Win32
		{26852D59-EB87-409B-861E-6D7AD54081D2}.Release|Win32.ActiveCfg = Release|Win32
		{26852D59-EB87-409B-861E-6D7AD54081D2}.Release|Win32.Build.0 = Release|Win32
		{6A76E209-2D34-46C9-9225-EA9E0744225E}.Debug|Win32.ActiveCfg = Debug|Win32
		{6A76E209-2D34-46C9-9225-EA9E0744225E}.Debug|Win32.Build.0 = Debug|Win32
		{6A76E209-2D34-46C9-9225-EA9E0744225E}.Release|Win32.ActiveCfg = Release|Win32
		{6A76E209-2D34-46C9-9225-EA9E0744225E}.Release|Win32.Build.0 = Release|Win32
		{5A2BF825-C7BE-4A53-82A0-81AB47CBCA99}.Debug|Win32.ActiveCfg = Debug|Win32
		{5A2BF825-C7BE-4A53-82A0-81AB47CBCA99}.Debug|Win32.Build.0 = Debug|Win32
		{5A2BF825-C7BE-4A53-82A0-81AB47CBCA99}.Release|Win32.ActiveCfg = Release|Win32
		{5A2BF825-C7BE-4A53-82A0-81AB47CBCA99}.Release|Win32.Build.0 = Release|Win32
		{AE572BE5-D8A8-46AA-8811-8D9883472123}.Debug|Win32.ActiveCfg = Debug|Win32
		{AE572BE5-D8A8-46AA-8811-8D9883472123}.Debug|Win32.Build.0 = Debug|Win32
		{AE572BE5-D8A8-46AA-8811-8D9883472123}.Release|Win32.ActiveCfg = Release|Win32
		{AE572BE5-D8A8-46AA-8811-8D9883472123}.Release|Win32.Build.0 = Release|Win32
		{41B3E45C-424B-4D1E-BECD-08A9E0790344}.Debug|Win32.ActiveCfg = Debug|Win32
		{41B3E45C-424B-4D1E-BECD-08A9E0790344}.Debug|Win32.Build.0 = Debug|Win32
		{41B3E45C-424B-4D1E-BECD-08A9E0790344}.Release|Win32.ActiveCfg = Release|Win32
		{41B3E45C-424B-4D1E-BECD-08A9E0790344}.Release|Win32.Build.0 = Release|Win32
	EndGlobalSection
	GlobalSection(SolutionProperties) = preSolution
		HideSolutionNode = FALSE
	EndGlobalSection
EndGlobal
